
Microsoft Visual Studio Solution File, Format Version 12.00
# Visual Studio Version 17
VisualStudioVersion = 17.9.34902.65
MinimumVisualStudioVersion = 10.0.40219.1
Project("{E24C65DC-7377-472B-9ABA-BC803B73C61A}") = "Haimic", ".", "{1FA1A62E-5036-4FE3-96C8-A2B09B3D4C9E}"
	ProjectSection(WebsiteProperties) = preProject
		TargetFrameworkMoniker = ".NETFramework,Version%3Dv4.0"
		Debug.AspNetCompiler.VirtualPath = "/localhost_59294"
		Debug.AspNetCompiler.PhysicalPath = "..\Haimic\"
		Debug.AspNetCompiler.TargetPath = "PrecompiledWeb\localhost_59294\"
		Debug.AspNetCompiler.Updateable = "true"
		Debug.AspNetCompiler.ForceOverwrite = "true"
		Debug.AspNetCompiler.FixedNames = "false"
		Debug.AspNetCompiler.Debug = "True"
		Release.AspNetCompiler.VirtualPath = "/localhost_59294"
		Release.AspNetCompiler.PhysicalPath = "..\Haimic\"
		Release.AspNetCompiler.TargetPath = "PrecompiledWeb\localhost_59294\"
		Release.AspNetCompiler.Updateable = "true"
		Release.AspNetCompiler.ForceOverwrite = "true"
		Release.AspNetCompiler.FixedNames = "false"
		Release.AspNetCompiler.Debug = "False"
		VWDPort = "59294"
		SlnRelativePath = "..\Haimic\"
	EndProjectSection
EndProject
Global
	GlobalSection(SolutionConfigurationPlatforms) = preSolution
		Debug|Any CPU = Debug|Any CPU
	EndGlobalSection
	GlobalSection(ProjectConfigurationPlatforms) = postSolution
		{1FA1A62E-5036-4FE3-96C8-A2B09B3D4C9E}.Debug|Any CPU.ActiveCfg = Debug|Any CPU
		{1FA1A62E-5036-4FE3-96C8-A2B09B3D4C9E}.Debug|Any CPU.Build.0 = Debug|Any CPU
	EndGlobalSection
	GlobalSection(SolutionProperties) = preSolution
		HideSolutionNode = FALSE
	EndGlobalSection
	GlobalSection(ExtensibilityGlobals) = postSolution
		SolutionGuid = {A9B105D1-E37C-47F8-A03D-B8E24DA6B4EC}
	EndGlobalSection
EndGlobal
